// !$*UTF8*$!
{
	archiveVersion = 1;
	classes = {
	};
	objectVersion = 50;
	objects = {

/* Begin PBXBuildFile section */
		590CA2B92430374C00C94220 /* EntryCell.swift in Sources */ = {isa = PBXBuildFile; fileRef = 590CA2B82430374C00C94220 /* EntryCell.swift */; };
		59516D212432867E000A3C3A /* AlertContents.swift in Sources */ = {isa = PBXBuildFile; fileRef = 59516D202432867E000A3C3A /* AlertContents.swift */; };
		59516D23243289EA000A3C3A /* EntryController.swift in Sources */ = {isa = PBXBuildFile; fileRef = 59516D22243289EA000A3C3A /* EntryController.swift */; };
		59516D2524329985000A3C3A /* DaySection.swift in Sources */ = {isa = PBXBuildFile; fileRef = 59516D2424329985000A3C3A /* DaySection.swift */; };
		597C5378241C2D4C008D4FEA /* AppDelegate.swift in Sources */ = {isa = PBXBuildFile; fileRef = 597C5377241C2D4C008D4FEA /* AppDelegate.swift */; };
		597C537A241C2D4C008D4FEA /* SceneDelegate.swift in Sources */ = {isa = PBXBuildFile; fileRef = 597C5379241C2D4C008D4FEA /* SceneDelegate.swift */; };
		597C537D241C2D4C008D4FEA /* Food_Tracker.xcdatamodeld in Sources */ = {isa = PBXBuildFile; fileRef = 597C537B241C2D4C008D4FEA /* Food_Tracker.xcdatamodeld */; };
		597C537F241C2D4C008D4FEA /* ContentView.swift in Sources */ = {isa = PBXBuildFile; fileRef = 597C537E241C2D4C008D4FEA /* ContentView.swift */; };
		597C5381241C2D4F008D4FEA /* Assets.xcassets in Resources */ = {isa = PBXBuildFile; fileRef = 597C5380241C2D4F008D4FEA /* Assets.xcassets */; };
		597C5384241C2D4F008D4FEA /* Preview Assets.xcassets in Resources */ = {isa = PBXBuildFile; fileRef = 597C5383241C2D4F008D4FEA /* Preview Assets.xcassets */; };
		597C5387241C2D4F008D4FEA /* LaunchScreen.storyboard in Resources */ = {isa = PBXBuildFile; fileRef = 597C5385241C2D4F008D4FEA /* LaunchScreen.storyboard */; };
		597C538F241C3363008D4FEA /* EntryView.swift in Sources */ = {isa = PBXBuildFile; fileRef = 597C538E241C3363008D4FEA /* EntryView.swift */; };
		597C5391241C4140008D4FEA /* EntriesView.swift in Sources */ = {isa = PBXBuildFile; fileRef = 597C5390241C4140008D4FEA /* EntriesView.swift */; };
		597C5393241C4194008D4FEA /* FoodsView.swift in Sources */ = {isa = PBXBuildFile; fileRef = 597C5392241C4194008D4FEA /* FoodsView.swift */; };
		597C5395241C428D008D4FEA /* FoodView.swift in Sources */ = {isa = PBXBuildFile; fileRef = 597C5394241C428D008D4FEA /* FoodView.swift */; };
		59D8E54A2432F82F007E66DF /* GoalView.swift in Sources */ = {isa = PBXBuildFile; fileRef = 59D8E5492432F82F007E66DF /* GoalView.swift */; };
		59D8E54D2432FB38007E66DF /* GoalController.swift in Sources */ = {isa = PBXBuildFile; fileRef = 59D8E54C2432FB38007E66DF /* GoalController.swift */; };
		59DC5F152432F22C006EEF36 /* SettingsView.swift in Sources */ = {isa = PBXBuildFile; fileRef = 59DC5F142432F22C006EEF36 /* SettingsView.swift */; };
		59DC5F172432F273006EEF36 /* GoalsView.swift in Sources */ = {isa = PBXBuildFile; fileRef = 59DC5F162432F273006EEF36 /* GoalsView.swift */; };
		59DCFBCB243521B200351521 /* Defaults.swift in Sources */ = {isa = PBXBuildFile; fileRef = 59DCFBCA243521B200351521 /* Defaults.swift */; };
/* End PBXBuildFile section */

/* Begin PBXFileReference section */
		590CA2B82430374C00C94220 /* EntryCell.swift */ = {isa = PBXFileReference; lastKnownFileType = sourcecode.swift; path = EntryCell.swift; sourceTree = "<group>"; };
		59516D202432867E000A3C3A /* AlertContents.swift */ = {isa = PBXFileReference; lastKnownFileType = sourcecode.swift; path = AlertContents.swift; sourceTree = "<group>"; };
		59516D22243289EA000A3C3A /* EntryController.swift */ = {isa = PBXFileReference; lastKnownFileType = sourcecode.swift; path = EntryController.swift; sourceTree = "<group>"; };
		59516D2424329985000A3C3A /* DaySection.swift */ = {isa = PBXFileReference; lastKnownFileType = sourcecode.swift; path = DaySection.swift; sourceTree = "<group>"; };
		597C5374241C2D4C008D4FEA /* Food Tracker.app */ = {isa = PBXFileReference; explicitFileType = wrapper.application; includeInIndex = 0; path = "Food Tracker.app"; sourceTree = BUILT_PRODUCTS_DIR; };
		597C5377241C2D4C008D4FEA /* AppDelegate.swift */ = {isa = PBXFileReference; lastKnownFileType = sourcecode.swift; path = AppDelegate.swift; sourceTree = "<group>"; };
		597C5379241C2D4C008D4FEA /* SceneDelegate.swift */ = {isa = PBXFileReference; lastKnownFileType = sourcecode.swift; path = SceneDelegate.swift; sourceTree = "<group>"; };
		597C537C241C2D4C008D4FEA /* Food_Tracker.xcdatamodel */ = {isa = PBXFileReference; lastKnownFileType = wrapper.xcdatamodel; path = Food_Tracker.xcdatamodel; sourceTree = "<group>"; };
		597C537E241C2D4C008D4FEA /* ContentView.swift */ = {isa = PBXFileReference; lastKnownFileType = sourcecode.swift; path = ContentView.swift; sourceTree = "<group>"; };
		597C5380241C2D4F008D4FEA /* Assets.xcassets */ = {isa = PBXFileReference; lastKnownFileType = folder.assetcatalog; path = Assets.xcassets; sourceTree = "<group>"; };
		597C5383241C2D4F008D4FEA /* Preview Assets.xcassets */ = {isa = PBXFileReference; lastKnownFileType = folder.assetcatalog; path = "Preview Assets.xcassets"; sourceTree = "<group>"; };
		597C5386241C2D4F008D4FEA /* Base */ = {isa = PBXFileReference; lastKnownFileType = file.storyboard; name = Base; path = Base.lproj/LaunchScreen.storyboard; sourceTree = "<group>"; };
		597C5388241C2D4F008D4FEA /* Info.plist */ = {isa = PBXFileReference; lastKnownFileType = text.plist.xml; path = Info.plist; sourceTree = "<group>"; };
		597C538E241C3363008D4FEA /* EntryView.swift */ = {isa = PBXFileReference; lastKnownFileType = sourcecode.swift; path = EntryView.swift; sourceTree = "<group>"; };
		597C5390241C4140008D4FEA /* EntriesView.swift */ = {isa = PBXFileReference; lastKnownFileType = sourcecode.swift; path = EntriesView.swift; sourceTree = "<group>"; };
		597C5392241C4194008D4FEA /* FoodsView.swift */ = {isa = PBXFileReference; lastKnownFileType = sourcecode.swift; path = FoodsView.swift; sourceTree = "<group>"; };
		597C5394241C428D008D4FEA /* FoodView.swift */ = {isa = PBXFileReference; lastKnownFileType = sourcecode.swift; path = FoodView.swift; sourceTree = "<group>"; };
		59D8E5492432F82F007E66DF /* GoalView.swift */ = {isa = PBXFileReference; lastKnownFileType = sourcecode.swift; path = GoalView.swift; sourceTree = "<group>"; };
		59D8E54C2432FB38007E66DF /* GoalController.swift */ = {isa = PBXFileReference; lastKnownFileType = sourcecode.swift; path = GoalController.swift; sourceTree = "<group>"; };
		59DC5F142432F22C006EEF36 /* SettingsView.swift */ = {isa = PBXFileReference; lastKnownFileType = sourcecode.swift; path = SettingsView.swift; sourceTree = "<group>"; };
		59DC5F162432F273006EEF36 /* GoalsView.swift */ = {isa = PBXFileReference; lastKnownFileType = sourcecode.swift; path = GoalsView.swift; sourceTree = "<group>"; };
		59DCFBCA243521B200351521 /* Defaults.swift */ = {isa = PBXFileReference; lastKnownFileType = sourcecode.swift; path = Defaults.swift; sourceTree = "<group>"; };
/* End PBXFileReference section */

/* Begin PBXFrameworksBuildPhase section */
		597C5371241C2D4C008D4FEA /* Frameworks */ = {
			isa = PBXFrameworksBuildPhase;
			buildActionMask = 2147483647;
			files = (
			);
			runOnlyForDeploymentPostprocessing = 0;
		};
/* End PBXFrameworksBuildPhase section */

/* Begin PBXGroup section */
		597C536B241C2D4C008D4FEA = {
			isa = PBXGroup;
			children = (
				597C5376241C2D4C008D4FEA /* Food Tracker */,
				597C5375241C2D4C008D4FEA /* Products */,
			);
			sourceTree = "<group>";
		};
		597C5375241C2D4C008D4FEA /* Products */ = {
			isa = PBXGroup;
			children = (
				597C5374241C2D4C008D4FEA /* Food Tracker.app */,
			);
			name = Products;
			sourceTree = "<group>";
		};
		597C5376241C2D4C008D4FEA /* Food Tracker */ = {
			isa = PBXGroup;
			children = (
				597C5377241C2D4C008D4FEA /* AppDelegate.swift */,
				597C5379241C2D4C008D4FEA /* SceneDelegate.swift */,
				597C537E241C2D4C008D4FEA /* ContentView.swift */,
				59E9EE6D2432F12D00CB238D /* Entries */,
				59E9EE6E2432F15C00CB238D /* Foods */,
				59E9EE6F2432F17800CB238D /* Helpers */,
				59DC5F132432F21B006EEF36 /* Settings */,
				59D8E54B2432FB22007E66DF /* Model Controllers */,
				597C5380241C2D4F008D4FEA /* Assets.xcassets */,
				597C5385241C2D4F008D4FEA /* LaunchScreen.storyboard */,
				597C5388241C2D4F008D4FEA /* Info.plist */,
				597C537B241C2D4C008D4FEA /* Food_Tracker.xcdatamodeld */,
				597C5382241C2D4F008D4FEA /* Preview Content */,
			);
			path = "Food Tracker";
			sourceTree = "<group>";
		};
		597C5382241C2D4F008D4FEA /* Preview Content */ = {
			isa = PBXGroup;
			children = (
				597C5383241C2D4F008D4FEA /* Preview Assets.xcassets */,
			);
			path = "Preview Content";
			sourceTree = "<group>";
		};
		59D8E54B2432FB22007E66DF /* Model Controllers */ = {
			isa = PBXGroup;
			children = (
				59516D22243289EA000A3C3A /* EntryController.swift */,
				59D8E54C2432FB38007E66DF /* GoalController.swift */,
			);
			path = "Model Controllers";
			sourceTree = "<group>";
		};
		59DC5F132432F21B006EEF36 /* Settings */ = {
			isa = PBXGroup;
			children = (
				59DC5F142432F22C006EEF36 /* SettingsView.swift */,
				59DC5F162432F273006EEF36 /* GoalsView.swift */,
				59D8E5492432F82F007E66DF /* GoalView.swift */,
			);
			path = Settings;
			sourceTree = "<group>";
		};
		59E9EE6D2432F12D00CB238D /* Entries */ = {
			isa = PBXGroup;
			children = (
				597C5390241C4140008D4FEA /* EntriesView.swift */,
				59516D2424329985000A3C3A /* DaySection.swift */,
				590CA2B82430374C00C94220 /* EntryCell.swift */,
				597C538E241C3363008D4FEA /* EntryView.swift */,
			);
			path = Entries;
			sourceTree = "<group>";
		};
		59E9EE6E2432F15C00CB238D /* Foods */ = {
			isa = PBXGroup;
			children = (
				597C5392241C4194008D4FEA /* FoodsView.swift */,
				597C5394241C428D008D4FEA /* FoodView.swift */,
			);
			path = Foods;
			sourceTree = "<group>";
		};
		59E9EE6F2432F17800CB238D /* Helpers */ = {
			isa = PBXGroup;
			children = (
				59516D202432867E000A3C3A /* AlertContents.swift */,
				59DCFBCA243521B200351521 /* Defaults.swift */,
			);
			path = Helpers;
			sourceTree = "<group>";
		};
/* End PBXGroup section */

/* Begin PBXNativeTarget section */
		597C5373241C2D4C008D4FEA /* Food Tracker */ = {
			isa = PBXNativeTarget;
			buildConfigurationList = 597C538B241C2D4F008D4FEA /* Build configuration list for PBXNativeTarget "Food Tracker" */;
			buildPhases = (
				597C5370241C2D4C008D4FEA /* Sources */,
				597C5371241C2D4C008D4FEA /* Frameworks */,
				597C5372241C2D4C008D4FEA /* Resources */,
			);
			buildRules = (
			);
			dependencies = (
			);
			name = "Food Tracker";
			productName = "Food Tracker";
			productReference = 597C5374241C2D4C008D4FEA /* Food Tracker.app */;
			productType = "com.apple.product-type.application";
		};
/* End PBXNativeTarget section */

/* Begin PBXProject section */
		597C536C241C2D4C008D4FEA /* Project object */ = {
			isa = PBXProject;
			attributes = {
				LastSwiftUpdateCheck = 1130;
				LastUpgradeCheck = 1130;
				ORGANIZATIONNAME = "Isaac Lyons";
				TargetAttributes = {
					597C5373241C2D4C008D4FEA = {
						CreatedOnToolsVersion = 11.3.1;
					};
				};
			};
			buildConfigurationList = 597C536F241C2D4C008D4FEA /* Build configuration list for PBXProject "Food Tracker" */;
			compatibilityVersion = "Xcode 9.3";
			developmentRegion = en;
			hasScannedForEncodings = 0;
			knownRegions = (
				en,
				Base,
			);
			mainGroup = 597C536B241C2D4C008D4FEA;
			productRefGroup = 597C5375241C2D4C008D4FEA /* Products */;
			projectDirPath = "";
			projectRoot = "";
			targets = (
				597C5373241C2D4C008D4FEA /* Food Tracker */,
			);
		};
/* End PBXProject section */

/* Begin PBXResourcesBuildPhase section */
		597C5372241C2D4C008D4FEA /* Resources */ = {
			isa = PBXResourcesBuildPhase;
			buildActionMask = 2147483647;
			files = (
				597C5387241C2D4F008D4FEA /* LaunchScreen.storyboard in Resources */,
				597C5384241C2D4F008D4FEA /* Preview Assets.xcassets in Resources */,
				597C5381241C2D4F008D4FEA /* Assets.xcassets in Resources */,
			);
			runOnlyForDeploymentPostprocessing = 0;
		};
/* End PBXResourcesBuildPhase section */

/* Begin PBXSourcesBuildPhase section */
		597C5370241C2D4C008D4FEA /* Sources */ = {
			isa = PBXSourcesBuildPhase;
			buildActionMask = 2147483647;
			files = (
				597C5378241C2D4C008D4FEA /* AppDelegate.swift in Sources */,
				59516D23243289EA000A3C3A /* EntryController.swift in Sources */,
				59DC5F152432F22C006EEF36 /* SettingsView.swift in Sources */,
				597C537A241C2D4C008D4FEA /* SceneDelegate.swift in Sources */,
				597C538F241C3363008D4FEA /* EntryView.swift in Sources */,
				597C5393241C4194008D4FEA /* FoodsView.swift in Sources */,
				59D8E54D2432FB38007E66DF /* GoalController.swift in Sources */,
				590CA2B92430374C00C94220 /* EntryCell.swift in Sources */,
				59D8E54A2432F82F007E66DF /* GoalView.swift in Sources */,
				59516D2524329985000A3C3A /* DaySection.swift in Sources */,
				597C5395241C428D008D4FEA /* FoodView.swift in Sources */,
				59DCFBCB243521B200351521 /* Defaults.swift in Sources */,
				597C537F241C2D4C008D4FEA /* ContentView.swift in Sources */,
				597C537D241C2D4C008D4FEA /* Food_Tracker.xcdatamodeld in Sources */,
				59DC5F172432F273006EEF36 /* GoalsView.swift in Sources */,
				59516D212432867E000A3C3A /* AlertContents.swift in Sources */,
				597C5391241C4140008D4FEA /* EntriesView.swift in Sources */,
			);
			runOnlyForDeploymentPostprocessing = 0;
		};
/* End PBXSourcesBuildPhase section */

/* Begin PBXVariantGroup section */
		597C5385241C2D4F008D4FEA /* LaunchScreen.storyboard */ = {
			isa = PBXVariantGroup;
			children = (
				597C5386241C2D4F008D4FEA /* Base */,
			);
			name = LaunchScreen.storyboard;
			sourceTree = "<group>";
		};
/* End PBXVariantGroup section */

/* Begin XCBuildConfiguration section */
		597C5389241C2D4F008D4FEA /* Debug */ = {
			isa = XCBuildConfiguration;
			buildSettings = {
				ALWAYS_SEARCH_USER_PATHS = NO;
				CLANG_ANALYZER_NONNULL = YES;
				CLANG_ANALYZER_NUMBER_OBJECT_CONVERSION = YES_AGGRESSIVE;
				CLANG_CXX_LANGUAGE_STANDARD = "gnu++14";
				CLANG_CXX_LIBRARY = "libc++";
				CLANG_ENABLE_MODULES = YES;
				CLANG_ENABLE_OBJC_ARC = YES;
				CLANG_ENABLE_OBJC_WEAK = YES;
				CLANG_WARN_BLOCK_CAPTURE_AUTORELEASING = YES;
				CLANG_WARN_BOOL_CONVERSION = YES;
				CLANG_WARN_COMMA = YES;
				CLANG_WARN_CONSTANT_CONVERSION = YES;
				CLANG_WARN_DEPRECATED_OBJC_IMPLEMENTATIONS = YES;
				CLANG_WARN_DIRECT_OBJC_ISA_USAGE = YES_ERROR;
				CLANG_WARN_DOCUMENTATION_COMMENTS = YES;
				CLANG_WARN_EMPTY_BODY = YES;
				CLANG_WARN_ENUM_CONVERSION = YES;
				CLANG_WARN_INFINITE_RECURSION = YES;
				CLANG_WARN_INT_CONVERSION = YES;
				CLANG_WARN_NON_LITERAL_NULL_CONVERSION = YES;
				CLANG_WARN_OBJC_IMPLICIT_RETAIN_SELF = YES;
				CLANG_WARN_OBJC_LITERAL_CONVERSION = YES;
				CLANG_WARN_OBJC_ROOT_CLASS = YES_ERROR;
				CLANG_WARN_RANGE_LOOP_ANALYSIS = YES;
				CLANG_WARN_STRICT_PROTOTYPES = YES;
				CLANG_WARN_SUSPICIOUS_MOVE = YES;
				CLANG_WARN_UNGUARDED_AVAILABILITY = YES_AGGRESSIVE;
				CLANG_WARN_UNREACHABLE_CODE = YES;
				CLANG_WARN__DUPLICATE_METHOD_MATCH = YES;
				COPY_PHASE_STRIP = NO;
				DEBUG_INFORMATION_FORMAT = dwarf;
				ENABLE_STRICT_OBJC_MSGSEND = YES;
				ENABLE_TESTABILITY = YES;
				GCC_C_LANGUAGE_STANDARD = gnu11;
				GCC_DYNAMIC_NO_PIC = NO;
				GCC_NO_COMMON_BLOCKS = YES;
				GCC_OPTIMIZATION_LEVEL = 0;
				GCC_PREPROCESSOR_DEFINITIONS = (
					"DEBUG=1",
					"$(inherited)",
				);
				GCC_WARN_64_TO_32_BIT_CONVERSION = YES;
				GCC_WARN_ABOUT_RETURN_TYPE = YES_ERROR;
				GCC_WARN_UNDECLARED_SELECTOR = YES;
				GCC_WARN_UNINITIALIZED_AUTOS = YES_AGGRESSIVE;
				GCC_WARN_UNUSED_FUNCTION = YES;
				GCC_WARN_UNUSED_VARIABLE = YES;
				IPHONEOS_DEPLOYMENT_TARGET = 13.2;
				MTL_ENABLE_DEBUG_INFO = INCLUDE_SOURCE;
				MTL_FAST_MATH = YES;
				ONLY_ACTIVE_ARCH = YES;
				SDKROOT = iphoneos;
				SWIFT_ACTIVE_COMPILATION_CONDITIONS = DEBUG;
				SWIFT_OPTIMIZATION_LEVEL = "-Onone";
			};
			name = Debug;
		};
		597C538A241C2D4F008D4FEA /* Release */ = {
			isa = XCBuildConfiguration;
			buildSettings = {
				ALWAYS_SEARCH_USER_PATHS = NO;
				CLANG_ANALYZER_NONNULL = YES;
				CLANG_ANALYZER_NUMBER_OBJECT_CONVERSION = YES_AGGRESSIVE;
				CLANG_CXX_LANGUAGE_STANDARD = "gnu++14";
				CLANG_CXX_LIBRARY = "libc++";
				CLANG_ENABLE_MODULES = YES;
				CLANG_ENABLE_OBJC_ARC = YES;
				CLANG_ENABLE_OBJC_WEAK = YES;
				CLANG_WARN_BLOCK_CAPTURE_AUTORELEASING = YES;
				CLANG_WARN_BOOL_CONVERSION = YES;
				CLANG_WARN_COMMA = YES;
				CLANG_WARN_CONSTANT_CONVERSION = YES;
				CLANG_WARN_DEPRECATED_OBJC_IMPLEMENTATIONS = YES;
				CLANG_WARN_DIRECT_OBJC_ISA_USAGE = YES_ERROR;
				CLANG_WARN_DOCUMENTATION_COMMENTS = YES;
				CLANG_WARN_EMPTY_BODY = YES;
				CLANG_WARN_ENUM_CONVERSION = YES;
				CLANG_WARN_INFINITE_RECURSION = YES;
				CLANG_WARN_INT_CONVERSION = YES;
				CLANG_WARN_NON_LITERAL_NULL_CONVERSION = YES;
				CLANG_WARN_OBJC_IMPLICIT_RETAIN_SELF = YES;
				CLANG_WARN_OBJC_LITERAL_CONVERSION = YES;
				CLANG_WARN_OBJC_ROOT_CLASS = YES_ERROR;
				CLANG_WARN_RANGE_LOOP_ANALYSIS = YES;
				CLANG_WARN_STRICT_PROTOTYPES = YES;
				CLANG_WARN_SUSPICIOUS_MOVE = YES;
				CLANG_WARN_UNGUARDED_AVAILABILITY = YES_AGGRESSIVE;
				CLANG_WARN_UNREACHABLE_CODE = YES;
				CLANG_WARN__DUPLICATE_METHOD_MATCH = YES;
				COPY_PHASE_STRIP = NO;
				DEBUG_INFORMATION_FORMAT = "dwarf-with-dsym";
				ENABLE_NS_ASSERTIONS = NO;
				ENABLE_STRICT_OBJC_MSGSEND = YES;
				GCC_C_LANGUAGE_STANDARD = gnu11;
				GCC_NO_COMMON_BLOCKS = YES;
				GCC_WARN_64_TO_32_BIT_CONVERSION = YES;
				GCC_WARN_ABOUT_RETURN_TYPE = YES_ERROR;
				GCC_WARN_UNDECLARED_SELECTOR = YES;
				GCC_WARN_UNINITIALIZED_AUTOS = YES_AGGRESSIVE;
				GCC_WARN_UNUSED_FUNCTION = YES;
				GCC_WARN_UNUSED_VARIABLE = YES;
				IPHONEOS_DEPLOYMENT_TARGET = 13.2;
				MTL_ENABLE_DEBUG_INFO = NO;
				MTL_FAST_MATH = YES;
				SDKROOT = iphoneos;
				SWIFT_COMPILATION_MODE = wholemodule;
				SWIFT_OPTIMIZATION_LEVEL = "-O";
				VALIDATE_PRODUCT = YES;
			};
			name = Release;
		};
		597C538C241C2D4F008D4FEA /* Debug */ = {
			isa = XCBuildConfiguration;
			buildSettings = {
				ASSETCATALOG_COMPILER_APPICON_NAME = AppIcon;
				CODE_SIGN_STYLE = Automatic;
				CURRENT_PROJECT_VERSION = 2;
				DEVELOPMENT_ASSET_PATHS = "\"Food Tracker/Preview Content\"";
				DEVELOPMENT_TEAM = A4525544Q4;
				ENABLE_PREVIEWS = YES;
				INFOPLIST_FILE = "Food Tracker/Info.plist";
				LD_RUNPATH_SEARCH_PATHS = (
					"$(inherited)",
					"@executable_path/Frameworks",
				);
				PRODUCT_BUNDLE_IDENTIFIER = "vc.isv.Food-Tracker";
				PRODUCT_NAME = "$(TARGET_NAME)";
				SWIFT_VERSION = 5.0;
				TARGETED_DEVICE_FAMILY = "1,2";
			};
			name = Debug;
		};
		597C538D241C2D4F008D4FEA /* Release */ = {
			isa = XCBuildConfiguration;
			buildSettings = {
				ASSETCATALOG_COMPILER_APPICON_NAME = AppIcon;
				CODE_SIGN_STYLE = Automatic;
				CURRENT_PROJECT_VERSION = 2;
				DEVELOPMENT_ASSET_PATHS = "\"Food Tracker/Preview Content\"";
				DEVELOPMENT_TEAM = A4525544Q4;
				ENABLE_PREVIEWS = YES;
				INFOPLIST_FILE = "Food Tracker/Info.plist";
				LD_RUNPATH_SEARCH_PATHS = (
					"$(inherited)",
					"@executable_path/Frameworks",
				);
				PRODUCT_BUNDLE_IDENTIFIER = "vc.isv.Food-Tracker";
				PRODUCT_NAME = "$(TARGET_NAME)";
				SWIFT_VERSION = 5.0;
				TARGETED_DEVICE_FAMILY = "1,2";
			};
			name = Release;
		};
/* End XCBuildConfiguration section */

/* Begin XCConfigurationList section */
		597C536F241C2D4C008D4FEA /* Build configuration list for PBXProject "Food Tracker" */ = {
			isa = XCConfigurationList;
			buildConfigurations = (
				597C5389241C2D4F008D4FEA /* Debug */,
				597C538A241C2D4F008D4FEA /* Release */,
			);
			defaultConfigurationIsVisible = 0;
			defaultConfigurationName = Release;
		};
		597C538B241C2D4F008D4FEA /* Build configuration list for PBXNativeTarget "Food Tracker" */ = {
			isa = XCConfigurationList;
			buildConfigurations = (
				597C538C241C2D4F008D4FEA /* Debug */,
				597C538D241C2D4F008D4FEA /* Release */,
			);
			defaultConfigurationIsVisible = 0;
			defaultConfigurationName = Release;
		};
/* End XCConfigurationList section */

/* Begin XCVersionGroup section */
		597C537B241C2D4C008D4FEA /* Food_Tracker.xcdatamodeld */ = {
			isa = XCVersionGroup;
			children = (
				597C537C241C2D4C008D4FEA /* Food_Tracker.xcdatamodel */,
			);
			currentVersion = 597C537C241C2D4C008D4FEA /* Food_Tracker.xcdatamodel */;
			path = Food_Tracker.xcdatamodeld;
			sourceTree = "<group>";
			versionGroupType = wrapper.xcdatamodel;
		};
/* End XCVersionGroup section */
	};
	rootObject = 597C536C241C2D4C008D4FEA /* Project object */;
}
